
Microsoft Visual Studio Solution File, Format Version 12.00
# Visual Studio Version 17
VisualStudioVersion = 17.12.35527.113
MinimumVisualStudioVersion = 10.0.40219.1
Project("{FAE04EC0-301F-11D3-BF4B-00C04F79EFBC}") = "Webhooks.API", "WebhookSystem\Webhooks.API.csproj", "{3878A079-39EB-4309-B7A4-37140508DEA1}"
EndProject
Project("{2150E333-8FDC-42A3-9474-1A3956D46DE8}") = "aspire", "aspire", "{5B68A120-C30B-42AD-8476-FFE631B99A57}"
EndProject
Project("{FAE04EC0-301F-11D3-BF4B-00C04F79EFBC}") = "WebhookSystem.AppHost", "WebhookSystem.AppHost\WebhookSystem.AppHost.csproj", "{E25AE4A2-C533-4434-B5A3-969EB6668953}"
EndProject
Project("{FAE04EC0-301F-11D3-BF4B-00C04F79EFBC}") = "WebhookSystem.ServiceDefaults", "WebhookSystem.ServiceDefaults\WebhookSystem.ServiceDefaults.csproj", "{8CB53399-F245-4A12-B39B-B93539054278}"
EndProject
Project("{FAE04EC0-301F-11D3-BF4B-00C04F79EFBC}") = "Webhooks.Processing", "Webhooks.Processing\Webhooks.Processing.csproj", "{BEC1DF15-C458-494C-89E0-7DD84F1DF211}"
EndProject
Project("{FAE04EC0-301F-11D3-BF4B-00C04F79EFBC}") = "Webhooks.Contracts", "Wobhooks.Contracts\Webhooks.Contracts.csproj", "{EEAA09D9-2890-434F-AAE4-B1B043D1ECA0}"
EndProject
Global
	GlobalSection(SolutionConfigurationPlatforms) = preSolution
		Debug|Any CPU = Debug|Any CPU
		Release|Any CPU = Release|Any CPU
	EndGlobalSection
	GlobalSection(ProjectConfigurationPlatforms) = postSolution
		{3878A079-39EB-4309-B7A4-37140508DEA1}.Debug|Any CPU.ActiveCfg = Debug|Any CPU
		{3878A079-39EB-4309-B7A4-37140508DEA1}.Debug|Any CPU.Build.0 = Debug|Any CPU
		{3878A079-39EB-4309-B7A4-37140508DEA1}.Release|Any CPU.ActiveCfg = Release|Any CPU
		{3878A079-39EB-4309-B7A4-37140508DEA1}.Release|Any CPU.Build.0 = Release|Any CPU
		{E25AE4A2-C533-4434-B5A3-969EB6668953}.Debug|Any CPU.ActiveCfg = Debug|Any CPU
		{E25AE4A2-C533-4434-B5A3-969EB6668953}.Debug|Any CPU.Build.0 = Debug|Any CPU
		{E25AE4A2-C533-4434-B5A3-969EB6668953}.Release|Any CPU.ActiveCfg = Release|Any CPU
		{E25AE4A2-C533-4434-B5A3-969EB6668953}.Release|Any CPU.Build.0 = Release|Any CPU
		{8CB53399-F245-4A12-B39B-B93539054278}.Debug|Any CPU.ActiveCfg = Debug|Any CPU
		{8CB53399-F245-4A12-B39B-B93539054278}.Debug|Any CPU.Build.0 = Debug|Any CPU
		{8CB53399-F245-4A12-B39B-B93539054278}.Release|Any CPU.ActiveCfg = Release|Any CPU
		{8CB53399-F245-4A12-B39B-B93539054278}.Release|Any CPU.Build.0 = Release|Any CPU
		{BEC1DF15-C458-494C-89E0-7DD84F1DF211}.Debug|Any CPU.ActiveCfg = Debug|Any CPU
		{BEC1DF15-C458-494C-89E0-7DD84F1DF211}.Debug|Any CPU.Build.0 = Debug|Any CPU
		{BEC1DF15-C458-494C-89E0-7DD84F1DF211}.Release|Any CPU.ActiveCfg = Release|Any CPU
		{BEC1DF15-C458-494C-89E0-7DD84F1DF211}.Release|Any CPU.Build.0 = Release|Any CPU
		{EEAA09D9-2890-434F-AAE4-B1B043D1ECA0}.Debug|Any CPU.ActiveCfg = Debug|Any CPU
		{EEAA09D9-2890-434F-AAE4-B1B043D1ECA0}.Debug|Any CPU.Build.0 = Debug|Any CPU
		{EEAA09D9-2890-434F-AAE4-B1B043D1ECA0}.Release|Any CPU.ActiveCfg = Release|Any CPU
		{EEAA09D9-2890-434F-AAE4-B1B043D1ECA0}.Release|Any CPU.Build.0 = Release|Any CPU
	EndGlobalSection
	GlobalSection(SolutionProperties) = preSolution
		HideSolutionNode = FALSE
	EndGlobalSection
	GlobalSection(NestedProjects) = preSolution
		{E25AE4A2-C533-4434-B5A3-969EB6668953} = {5B68A120-C30B-42AD-8476-FFE631B99A57}
		{8CB53399-F245-4A12-B39B-B93539054278} = {5B68A120-C30B-42AD-8476-FFE631B99A57}
	EndGlobalSection
EndGlobal
